
Microsoft Visual Studio Solution File, Format Version 12.00
# Visual Studio Version 17
VisualStudioVersion = 17.0.32014.148
MinimumVisualStudioVersion = 10.0.40219.1
Project("{FAE04EC0-301F-11D3-BF4B-00C04F79EFBC}") = "FinalyTrees", "FinalyTrees\FinalyTrees.csproj", "{4BBC5712-B562-4337-99AF-E9A1419F49F1}"
EndProject
Global
	GlobalSection(SolutionConfigurationPlatforms) = preSolution
		Debug|Any CPU = Debug|Any CPU
		Release|Any CPU = Release|Any CPU
	EndGlobalSection
	GlobalSection(ProjectConfigurationPlatforms) = postSolution
		{4BBC5712-B562-4337-99AF-E9A1419F49F1}.Debug|Any CPU.ActiveCfg = Debug|Any CPU
		{4BBC5712-B562-4337-99AF-E9A1419F49F1}.Debug|Any CPU.Build.0 = Debug|Any CPU
		{4BBC5712-B562-4337-99AF-E9A1419F49F1}.Release|Any CPU.ActiveCfg = Release|Any CPU
		{4BBC5712-B562-4337-99AF-E9A1419F49F1}.Release|Any CPU.Build.0 = Release|Any CPU
	EndGlobalSection
	GlobalSection(SolutionProperties) = preSolution
		HideSolutionNode = FALSE
	EndGlobalSection
	GlobalSection(ExtensibilityGlobals) = postSolution
		SolutionGuid = {047B7CB2-9435-4C01-9285-C714DE5B6D13}
	EndGlobalSection
EndGlobal
